
Microsoft Visual Studio Solution File, Format Version 12.00
# Visual Studio 15
VisualStudioVersion = 15.0.27130.2027
MinimumVisualStudioVersion = 10.0.40219.1
Project("{FAE04EC0-301F-11D3-BF4B-00C04F79EFBC}") = "DemoHotel.Android", "DemoHotel\DemoHotel.Android\DemoHotel.Android.csproj", "{52623F0A-6A60-4AFC-BC23-1DB4F7AFB1E8}"
EndProject
Project("{FAE04EC0-301F-11D3-BF4B-00C04F79EFBC}") = "DemoHotel.iOS", "DemoHotel\DemoHotel.iOS\DemoHotel.iOS.csproj", "{EAD2C831-E188-40CC-96F7-117E0E39A643}"
EndProject
Project("{FAE04EC0-301F-11D3-BF4B-00C04F79EFBC}") = "DemoHotel.UWP", "DemoHotel\DemoHotel.UWP\DemoHotel.UWP.csproj", "{760B762D-10FD-45BF-9895-36D1A306C0D3}"
EndProject
Project("{D954291E-2A0B-460D-934E-DC6B0785DB48}") = "DemoHotel", "DemoHotel\DemoHotel\DemoHotel.shproj", "{EF166C6D-D54F-47AE-AC25-7F8ECF3628D8}"
EndProject
Global
	GlobalSection(SharedMSBuildProjectFiles) = preSolution
		DemoHotel\DemoHotel\DemoHotel.projitems*{52623f0a-6a60-4afc-bc23-1db4f7afb1e8}*SharedItemsImports = 4
		DemoHotel\DemoHotel\DemoHotel.projitems*{760b762d-10fd-45bf-9895-36d1a306c0d3}*SharedItemsImports = 4
		DemoHotel\DemoHotel\DemoHotel.projitems*{ead2c831-e188-40cc-96f7-117e0e39a643}*SharedItemsImports = 4
		DemoHotel\DemoHotel\DemoHotel.projitems*{ef166c6d-d54f-47ae-ac25-7f8ecf3628d8}*SharedItemsImports = 13
	EndGlobalSection
	GlobalSection(SolutionConfigurationPlatforms) = preSolution
		Ad-Hoc|Any CPU = Ad-Hoc|Any CPU
		Ad-Hoc|ARM = Ad-Hoc|ARM
		Ad-Hoc|iPhone = Ad-Hoc|iPhone
		Ad-Hoc|iPhoneSimulator = Ad-Hoc|iPhoneSimulator
		Ad-Hoc|x64 = Ad-Hoc|x64
		Ad-Hoc|x86 = Ad-Hoc|x86
		AppStore|Any CPU = AppStore|Any CPU
		AppStore|ARM = AppStore|ARM
		AppStore|iPhone = AppStore|iPhone
		AppStore|iPhoneSimulator = AppStore|iPhoneSimulator
		AppStore|x64 = AppStore|x64
		AppStore|x86 = AppStore|x86
		Debug|Any CPU = Debug|Any CPU
		Debug|ARM = Debug|ARM
		Debug|iPhone = Debug|iPhone
		Debug|iPhoneSimulator = Debug|iPhoneSimulator
		Debug|x64 = Debug|x64
		Debug|x86 = Debug|x86
		Release|Any CPU = Release|Any CPU
		Release|ARM = Release|ARM
		Release|iPhone = Release|iPhone
		Release|iPhoneSimulator = Release|iPhoneSimulator
		Release|x64 = Release|x64
		Release|x86 = Release|x86
	EndGlobalSection
	GlobalSection(ProjectConfigurationPlatforms) = postSolution
		{52623F0A-6A60-4AFC-BC23-1DB4F7AFB1E8}.Ad-Hoc|Any CPU.ActiveCfg = Release|Any CPU
		{52623F0A-6A60-4AFC-BC23-1DB4F7AFB1E8}.Ad-Hoc|Any CPU.Build.0 = Release|Any CPU
		{52623F0A-6A60-4AFC-BC23-1DB4F7AFB1E8}.Ad-Hoc|Any CPU.Deploy.0 = Release|Any CPU
		{52623F0A-6A60-4AFC-BC23-1DB4F7AFB1E8}.Ad-Hoc|ARM.ActiveCfg = Release|Any CPU
		{52623F0A-6A60-4AFC-BC23-1DB4F7AFB1E8}.Ad-Hoc|ARM.Build.0 = Release|Any CPU
		{52623F0A-6A60-4AFC-BC23-1DB4F7AFB1E8}.Ad-Hoc|ARM.Deploy.0 = Release|Any CPU
		{52623F0A-6A60-4AFC-BC23-1DB4F7AFB1E8}.Ad-Hoc|iPhone.ActiveCfg = Release|Any CPU
		{52623F0A-6A60-4AFC-BC23-1DB4F7AFB1E8}.Ad-Hoc|iPhone.Build.0 = Release|Any CPU
		{52623F0A-6A60-4AFC-BC23-1DB4F7AFB1E8}.Ad-Hoc|iPhone.Deploy.0 = Release|Any CPU
		{52623F0A-6A60-4AFC-BC23-1DB4F7AFB1E8}.Ad-Hoc|iPhoneSimulator.ActiveCfg = Release|Any CPU
		{52623F0A-6A60-4AFC-BC23-1DB4F7AFB1E8}.Ad-Hoc|iPhoneSimulator.Build.0 = Release|Any CPU
		{52623F0A-6A60-4AFC-BC23-1DB4F7AFB1E8}.Ad-Hoc|iPhoneSimulator.Deploy.0 = Release|Any CPU
		{52623F0A-6A60-4AFC-BC23-1DB4F7AFB1E8}.Ad-Hoc|x64.ActiveCfg = Release|Any CPU
		{52623F0A-6A60-4AFC-BC23-1DB4F7AFB1E8}.Ad-Hoc|x64.Build.0 = Release|Any CPU
		{52623F0A-6A60-4AFC-BC23-1DB4F7AFB1E8}.Ad-Hoc|x64.Deploy.0 = Release|Any CPU
		{52623F0A-6A60-4AFC-BC23-1DB4F7AFB1E8}.Ad-Hoc|x86.ActiveCfg = Release|Any CPU
		{52623F0A-6A60-4AFC-BC23-1DB4F7AFB1E8}.Ad-Hoc|x86.Build.0 = Release|Any CPU
		{52623F0A-6A60-4AFC-BC23-1DB4F7AFB1E8}.Ad-Hoc|x86.Deploy.0 = Release|Any CPU
		{52623F0A-6A60-4AFC-BC23-1DB4F7AFB1E8}.AppStore|Any CPU.ActiveCfg = Release|Any CPU
		{52623F0A-6A60-4AFC-BC23-1DB4F7AFB1E8}.AppStore|Any CPU.Build.0 = Release|Any CPU
		{52623F0A-6A60-4AFC-BC23-1DB4F7AFB1E8}.AppStore|Any CPU.Deploy.0 = Release|Any CPU
		{52623F0A-6A60-4AFC-BC23-1DB4F7AFB1E8}.AppStore|ARM.ActiveCfg = Release|Any CPU
		{52623F0A-6A60-4AFC-BC23-1DB4F7AFB1E8}.AppStore|ARM.Build.0 = Release|Any CPU
		{52623F0A-6A60-4AFC-BC23-1DB4F7AFB1E8}.AppStore|ARM.Deploy.0 = Release|Any CPU
		{52623F0A-6A60-4AFC-BC23-1DB4F7AFB1E8}.AppStore|iPhone.ActiveCfg = Release|Any CPU
		{52623F0A-6A60-4AFC-BC23-1DB4F7AFB1E8}.AppStore|iPhone.Build.0 = Release|Any CPU
		{52623F0A-6A60-4AFC-BC23-1DB4F7AFB1E8}.AppStore|iPhone.Deploy.0 = Release|Any CPU
		{52623F0A-6A60-4AFC-BC23-1DB4F7AFB1E8}.AppStore|iPhoneSimulator.ActiveCfg = Release|Any CPU
		{52623F0A-6A60-4AFC-BC23-1DB4F7AFB1E8}.AppStore|iPhoneSimulator.Build.0 = Release|Any CPU
		{52623F0A-6A60-4AFC-BC23-1DB4F7AFB1E8}.AppStore|iPhoneSimulator.Deploy.0 = Release|Any CPU
		{52623F0A-6A60-4AFC-BC23-1DB4F7AFB1E8}.AppStore|x64.ActiveCfg = Release|Any CPU
		{52623F0A-6A60-4AFC-BC23-1DB4F7AFB1E8}.AppStore|x64.Build.0 = Release|Any CPU
		{52623F0A-6A60-4AFC-BC23-1DB4F7AFB1E8}.AppStore|x64.Deploy.0 = Release|Any CPU
		{52623F0A-6A60-4AFC-BC23-1DB4F7AFB1E8}.AppStore|x86.ActiveCfg = Release|Any CPU
		{52623F0A-6A60-4AFC-BC23-1DB4F7AFB1E8}.AppStore|x86.Build.0 = Release|Any CPU
		{52623F0A-6A60-4AFC-BC23-1DB4F7AFB1E8}.AppStore|x86.Deploy.0 = Release|Any CPU
		{52623F0A-6A60-4AFC-BC23-1DB4F7AFB1E8}.Debug|Any CPU.ActiveCfg = Debug|Any CPU
		{52623F0A-6A60-4AFC-BC23-1DB4F7AFB1E8}.Debug|Any CPU.Build.0 = Debug|Any CPU
		{52623F0A-6A60-4AFC-BC23-1DB4F7AFB1E8}.Debug|Any CPU.Deploy.0 = Debug|Any CPU
		{52623F0A-6A60-4AFC-BC23-1DB4F7AFB1E8}.Debug|ARM.ActiveCfg = Debug|Any CPU
		{52623F0A-6A60-4AFC-BC23-1DB4F7AFB1E8}.Debug|ARM.Build.0 = Debug|Any CPU
		{52623F0A-6A60-4AFC-BC23-1DB4F7AFB1E8}.Debug|ARM.Deploy.0 = Debug|Any CPU
		{52623F0A-6A60-4AFC-BC23-1DB4F7AFB1E8}.Debug|iPhone.ActiveCfg = Debug|Any CPU
		{52623F0A-6A60-4AFC-BC23-1DB4F7AFB1E8}.Debug|iPhone.Build.0 = Debug|Any CPU
		{52623F0A-6A60-4AFC-BC23-1DB4F7AFB1E8}.Debug|iPhone.Deploy.0 = Debug|Any CPU
		{52623F0A-6A60-4AFC-BC23-1DB4F7AFB1E8}.Debug|iPhoneSimulator.ActiveCfg = Debug|Any CPU
		{52623F0A-6A60-4AFC-BC23-1DB4F7AFB1E8}.Debug|iPhoneSimulator.Build.0 = Debug|Any CPU
		{52623F0A-6A60-4AFC-BC23-1DB4F7AFB1E8}.Debug|iPhoneSimulator.Deploy.0 = Debug|Any CPU
		{52623F0A-6A60-4AFC-BC23-1DB4F7AFB1E8}.Debug|x64.ActiveCfg = Debug|Any CPU
		{52623F0A-6A60-4AFC-BC23-1DB4F7AFB1E8}.Debug|x64.Build.0 = Debug|Any CPU
		{52623F0A-6A60-4AFC-BC23-1DB4F7AFB1E8}.Debug|x64.Deploy.0 = Debug|Any CPU
		{52623F0A-6A60-4AFC-BC23-1DB4F7AFB1E8}.Debug|x86.ActiveCfg = Debug|Any CPU
		{52623F0A-6A60-4AFC-BC23-1DB4F7AFB1E8}.Debug|x86.Build.0 = Debug|Any CPU
		{52623F0A-6A60-4AFC-BC23-1DB4F7AFB1E8}.Debug|x86.Deploy.0 = Debug|Any CPU
		{52623F0A-6A60-4AFC-BC23-1DB4F7AFB1E8}.Release|Any CPU.ActiveCfg = Release|Any CPU
		{52623F0A-6A60-4AFC-BC23-1DB4F7AFB1E8}.Release|Any CPU.Build.0 = Release|Any CPU
		{52623F0A-6A60-4AFC-BC23-1DB4F7AFB1E8}.Release|Any CPU.Deploy.0 = Release|Any CPU
		{52623F0A-6A60-4AFC-BC23-1DB4F7AFB1E8}.Release|ARM.ActiveCfg = Release|Any CPU
		{52623F0A-6A60-4AFC-BC23-1DB4F7AFB1E8}.Release|ARM.Build.0 = Release|Any CPU
		{52623F0A-6A60-4AFC-BC23-1DB4F7AFB1E8}.Release|ARM.Deploy.0 = Release|Any CPU
		{52623F0A-6A60-4AFC-BC23-1DB4F7AFB1E8}.Release|iPhone.ActiveCfg = Release|Any CPU
		{52623F0A-6A60-4AFC-BC23-1DB4F7AFB1E8}.Release|iPhone.Build.0 = Release|Any CPU
		{52623F0A-6A60-4AFC-BC23-1DB4F7AFB1E8}.Release|iPhone.Deploy.0 = Release|Any CPU
		{52623F0A-6A60-4AFC-BC23-1DB4F7AFB1E8}.Release|iPhoneSimulator.ActiveCfg = Release|Any CPU
		{52623F0A-6A60-4AFC-BC23-1DB4F7AFB1E8}.Release|iPhoneSimulator.Build.0 = Release|Any CPU
		{52623F0A-6A60-4AFC-BC23-1DB4F7AFB1E8}.Release|iPhoneSimulator.Deploy.0 = Release|Any CPU
		{52623F0A-6A60-4AFC-BC23-1DB4F7AFB1E8}.Release|x64.ActiveCfg = Release|Any CPU
		{52623F0A-6A60-4AFC-BC23-1DB4F7AFB1E8}.Release|x64.Build.0 = Release|Any CPU
		{52623F0A-6A60-4AFC-BC23-1DB4F7AFB1E8}.Release|x64.Deploy.0 = Release|Any CPU
		{52623F0A-6A60-4AFC-BC23-1DB4F7AFB1E8}.Release|x86.ActiveCfg = Release|Any CPU
		{52623F0A-6A60-4AFC-BC23-1DB4F7AFB1E8}.Release|x86.Build.0 = Release|Any CPU
		{52623F0A-6A60-4AFC-BC23-1DB4F7AFB1E8}.Release|x86.Deploy.0 = Release|Any CPU
		{EAD2C831-E188-40CC-96F7-117E0E39A643}.Ad-Hoc|Any CPU.ActiveCfg = Ad-Hoc|iPhone
		{EAD2C831-E188-40CC-96F7-117E0E39A643}.Ad-Hoc|ARM.ActiveCfg = Ad-Hoc|iPhone
		{EAD2C831-E188-40CC-96F7-117E0E39A643}.Ad-Hoc|iPhone.ActiveCfg = Ad-Hoc|iPhone
		{EAD2C831-E188-40CC-96F7-117E0E39A643}.Ad-Hoc|iPhone.Build.0 = Ad-Hoc|iPhone
		{EAD2C831-E188-40CC-96F7-117E0E39A643}.Ad-Hoc|iPhoneSimulator.ActiveCfg = Ad-Hoc|iPhoneSimulator
		{EAD2C831-E188-40CC-96F7-117E0E39A643}.Ad-Hoc|iPhoneSimulator.Build.0 = Ad-Hoc|iPhoneSimulator
		{EAD2C831-E188-40CC-96F7-117E0E39A643}.Ad-Hoc|x64.ActiveCfg = Ad-Hoc|iPhone
		{EAD2C831-E188-40CC-96F7-117E0E39A643}.Ad-Hoc|x86.ActiveCfg = Ad-Hoc|iPhone
		{EAD2C831-E188-40CC-96F7-117E0E39A643}.AppStore|Any CPU.ActiveCfg = AppStore|iPhone
		{EAD2C831-E188-40CC-96F7-117E0E39A643}.AppStore|ARM.ActiveCfg = AppStore|iPhone
		{EAD2C831-E188-40CC-96F7-117E0E39A643}.AppStore|iPhone.ActiveCfg = AppStore|iPhone
		{EAD2C831-E188-40CC-96F7-117E0E39A643}.AppStore|iPhone.Build.0 = AppStore|iPhone
		{EAD2C831-E188-40CC-96F7-117E0E39A643}.AppStore|iPhoneSimulator.ActiveCfg = AppStore|iPhoneSimulator
		{EAD2C831-E188-40CC-96F7-117E0E39A643}.AppStore|iPhoneSimulator.Build.0 = AppStore|iPhoneSimulator
		{EAD2C831-E188-40CC-96F7-117E0E39A643}.AppStore|x64.ActiveCfg = AppStore|iPhone
		{EAD2C831-E188-40CC-96F7-117E0E39A643}.AppStore|x86.ActiveCfg = AppStore|iPhone
		{EAD2C831-E188-40CC-96F7-117E0E39A643}.Debug|Any CPU.ActiveCfg = Debug|iPhone
		{EAD2C831-E188-40CC-96F7-117E0E39A643}.Debug|ARM.ActiveCfg = Debug|iPhone
		{EAD2C831-E188-40CC-96F7-117E0E39A643}.Debug|iPhone.ActiveCfg = Debug|iPhone
		{EAD2C831-E188-40CC-96F7-117E0E39A643}.Debug|iPhone.Build.0 = Debug|iPhone
		{EAD2C831-E188-40CC-96F7-117E0E39A643}.Debug|iPhoneSimulator.ActiveCfg = Debug|iPhoneSimulator
		{EAD2C831-E188-40CC-96F7-117E0E39A643}.Debug|iPhoneSimulator.Build.0 = Debug|iPhoneSimulator
		{EAD2C831-E188-40CC-96F7-117E0E39A643}.Debug|x64.ActiveCfg = Debug|iPhone
		{EAD2C831-E188-40CC-96F7-117E0E39A643}.Debug|x86.ActiveCfg = Debug|iPhone
		{EAD2C831-E188-40CC-96F7-117E0E39A643}.Release|Any CPU.ActiveCfg = Release|iPhone
		{EAD2C831-E188-40CC-96F7-117E0E39A643}.Release|ARM.ActiveCfg = Release|iPhone
		{EAD2C831-E188-40CC-96F7-117E0E39A643}.Release|iPhone.ActiveCfg = Release|iPhone
		{EAD2C831-E188-40CC-96F7-117E0E39A643}.Release|iPhone.Build.0 = Release|iPhone
		{EAD2C831-E188-40CC-96F7-117E0E39A643}.Release|iPhoneSimulator.ActiveCfg = Release|iPhoneSimulator
		{EAD2C831-E188-40CC-96F7-117E0E39A643}.Release|iPhoneSimulator.Build.0 = Release|iPhoneSimulator
		{EAD2C831-E188-40CC-96F7-117E0E39A643}.Release|x64.ActiveCfg = Release|iPhone
		{EAD2C831-E188-40CC-96F7-117E0E39A643}.Release|x86.ActiveCfg = Release|iPhone
		{760B762D-10FD-45BF-9895-36D1A306C0D3}.Ad-Hoc|Any CPU.ActiveCfg = Release|x86
		{760B762D-10FD-45BF-9895-36D1A306C0D3}.Ad-Hoc|Any CPU.Build.0 = Release|x86
		{760B762D-10FD-45BF-9895-36D1A306C0D3}.Ad-Hoc|Any CPU.Deploy.0 = Release|x86
		{760B762D-10FD-45BF-9895-36D1A306C0D3}.Ad-Hoc|ARM.ActiveCfg = Release|ARM
		{760B762D-10FD-45BF-9895-36D1A306C0D3}.Ad-Hoc|ARM.Build.0 = Release|ARM
		{760B762D-10FD-45BF-9895-36D1A306C0D3}.Ad-Hoc|ARM.Deploy.0 = Release|ARM
		{760B762D-10FD-45BF-9895-36D1A306C0D3}.Ad-Hoc|iPhone.ActiveCfg = Release|x86
		{760B762D-10FD-45BF-9895-36D1A306C0D3}.Ad-Hoc|iPhone.Build.0 = Release|x86
		{760B762D-10FD-45BF-9895-36D1A306C0D3}.Ad-Hoc|iPhone.Deploy.0 = Release|x86
		{760B762D-10FD-45BF-9895-36D1A306C0D3}.Ad-Hoc|iPhoneSimulator.ActiveCfg = Release|x86
		{760B762D-10FD-45BF-9895-36D1A306C0D3}.Ad-Hoc|iPhoneSimulator.Build.0 = Release|x86
		{760B762D-10FD-45BF-9895-36D1A306C0D3}.Ad-Hoc|iPhoneSimulator.Deploy.0 = Release|x86
		{760B762D-10FD-45BF-9895-36D1A306C0D3}.Ad-Hoc|x64.ActiveCfg = Release|x64
		{760B762D-10FD-45BF-9895-36D1A306C0D3}.Ad-Hoc|x64.Build.0 = Release|x64
		{760B762D-10FD-45BF-9895-36D1A306C0D3}.Ad-Hoc|x64.Deploy.0 = Release|x64
		{760B762D-10FD-45BF-9895-36D1A306C0D3}.Ad-Hoc|x86.ActiveCfg = Release|x86
		{760B762D-10FD-45BF-9895-36D1A306C0D3}.Ad-Hoc|x86.Build.0 = Release|x86
		{760B762D-10FD-45BF-9895-36D1A306C0D3}.Ad-Hoc|x86.Deploy.0 = Release|x86
		{760B762D-10FD-45BF-9895-36D1A306C0D3}.AppStore|Any CPU.ActiveCfg = Release|x86
		{760B762D-10FD-45BF-9895-36D1A306C0D3}.AppStore|Any CPU.Build.0 = Release|x86
		{760B762D-10FD-45BF-9895-36D1A306C0D3}.AppStore|Any CPU.Deploy.0 = Release|x86
		{760B762D-10FD-45BF-9895-36D1A306C0D3}.AppStore|ARM.ActiveCfg = Release|ARM
		{760B762D-10FD-45BF-9895-36D1A306C0D3}.AppStore|ARM.Build.0 = Release|ARM
		{760B762D-10FD-45BF-9895-36D1A306C0D3}.AppStore|ARM.Deploy.0 = Release|ARM
		{760B762D-10FD-45BF-9895-36D1A306C0D3}.AppStore|iPhone.ActiveCfg = Release|x86
		{760B762D-10FD-45BF-9895-36D1A306C0D3}.AppStore|iPhone.Build.0 = Release|x86
		{760B762D-10FD-45BF-9895-36D1A306C0D3}.AppStore|iPhone.Deploy.0 = Release|x86
		{760B762D-10FD-45BF-9895-36D1A306C0D3}.AppStore|iPhoneSimulator.ActiveCfg = Release|x86
		{760B762D-10FD-45BF-9895-36D1A306C0D3}.AppStore|iPhoneSimulator.Build.0 = Release|x86
		{760B762D-10FD-45BF-9895-36D1A306C0D3}.AppStore|iPhoneSimulator.Deploy.0 = Release|x86
		{760B762D-10FD-45BF-9895-36D1A306C0D3}.AppStore|x64.ActiveCfg = Release|x64
		{760B762D-10FD-45BF-9895-36D1A306C0D3}.AppStore|x64.Build.0 = Release|x64
		{760B762D-10FD-45BF-9895-36D1A306C0D3}.AppStore|x64.Deploy.0 = Release|x64
		{760B762D-10FD-45BF-9895-36D1A306C0D3}.AppStore|x86.ActiveCfg = Release|x86
		{760B762D-10FD-45BF-9895-36D1A306C0D3}.AppStore|x86.Build.0 = Release|x86
		{760B762D-10FD-45BF-9895-36D1A306C0D3}.AppStore|x86.Deploy.0 = Release|x86
		{760B762D-10FD-45BF-9895-36D1A306C0D3}.Debug|Any CPU.ActiveCfg = Debug|x86
		{760B762D-10FD-45BF-9895-36D1A306C0D3}.Debug|ARM.ActiveCfg = Debug|ARM
		{760B762D-10FD-45BF-9895-36D1A306C0D3}.Debug|ARM.Build.0 = Debug|ARM
		{760B762D-10FD-45BF-9895-36D1A306C0D3}.Debug|ARM.Deploy.0 = Debug|ARM
		{760B762D-10FD-45BF-9895-36D1A306C0D3}.Debug|iPhone.ActiveCfg = Debug|x86
		{760B762D-10FD-45BF-9895-36D1A306C0D3}.Debug|iPhoneSimulator.ActiveCfg = Debug|x86
		{760B762D-10FD-45BF-9895-36D1A306C0D3}.Debug|x64.ActiveCfg = Debug|x64
		{760B762D-10FD-45BF-9895-36D1A306C0D3}.Debug|x64.Build.0 = Debug|x64
		{760B762D-10FD-45BF-9895-36D1A306C0D3}.Debug|x64.Deploy.0 = Debug|x64
		{760B762D-10FD-45BF-9895-36D1A306C0D3}.Debug|x86.ActiveCfg = Debug|x86
		{760B762D-10FD-45BF-9895-36D1A306C0D3}.Debug|x86.Build.0 = Debug|x86
		{760B762D-10FD-45BF-9895-36D1A306C0D3}.Debug|x86.Deploy.0 = Debug|x86
		{760B762D-10FD-45BF-9895-36D1A306C0D3}.Release|Any CPU.ActiveCfg = Release|x86
		{760B762D-10FD-45BF-9895-36D1A306C0D3}.Release|ARM.ActiveCfg = Release|ARM
		{760B762D-10FD-45BF-9895-36D1A306C0D3}.Release|ARM.Build.0 = Release|ARM
		{760B762D-10FD-45BF-9895-36D1A306C0D3}.Release|ARM.Deploy.0 = Release|ARM
		{760B762D-10FD-45BF-9895-36D1A306C0D3}.Release|iPhone.ActiveCfg = Release|x86
		{760B762D-10FD-45BF-9895-36D1A306C0D3}.Release|iPhoneSimulator.ActiveCfg = Release|x86
		{760B762D-10FD-45BF-9895-36D1A306C0D3}.Release|x64.ActiveCfg = Release|x64
		{760B762D-10FD-45BF-9895-36D1A306C0D3}.Release|x64.Build.0 = Release|x64
		{760B762D-10FD-45BF-9895-36D1A306C0D3}.Release|x64.Deploy.0 = Release|x64
		{760B762D-10FD-45BF-9895-36D1A306C0D3}.Release|x86.ActiveCfg = Release|x86
		{760B762D-10FD-45BF-9895-36D1A306C0D3}.Release|x86.Build.0 = Release|x86
		{760B762D-10FD-45BF-9895-36D1A306C0D3}.Release|x86.Deploy.0 = Release|x86
	EndGlobalSection
	GlobalSection(SolutionProperties) = preSolution
		HideSolutionNode = FALSE
	EndGlobalSection
	GlobalSection(ExtensibilityGlobals) = postSolution
		SolutionGuid = {8BDB2195-0C17-43C6-BF45-5C06A436EA4E}
	EndGlobalSection
EndGlobal
